Microsoft Visual Studio Solution File, Format Version 12.00
# Visual Studio Version 17
VisualStudioVersion = 17.5.2.0
MinimumVisualStudioVersion = 10.0.40219.1
Project("{FAE04EC0-301F-11D3-BF4B-00C04F79EFBC}") = "cs2-store", "cs2-store.csproj", "{9A8AC203-9A33-D1D5-A404-B65D8C508D62}"
EndProject
Global
	GlobalSection(SolutionConfigurationPlatforms) = preSolution
		Debug|Any CPU = Debug|Any CPU
		Release|Any CPU = Release|Any CPU
	EndGlobalSection
	GlobalSection(ProjectConfigurationPlatforms) = postSolution
		{9A8AC203-9A33-D1D5-A404-B65D8C508D62}.Debug|Any CPU.ActiveCfg = Debug|Any CPU
		{9A8AC203-9A33-D1D5-A404-B65D8C508D62}.Debug|Any CPU.Build.0 = Debug|Any CPU
		{9A8AC203-9A33-D1D5-A404-B65D8C508D62}.Release|Any CPU.ActiveCfg = Release|Any CPU
		{9A8AC203-9A33-D1D5-A404-B65D8C508D62}.Release|Any CPU.Build.0 = Release|Any CPU
	EndGlobalSection
	GlobalSection(SolutionProperties) = preSolution
		HideSolutionNode = FALSE
	EndGlobalSection
	GlobalSection(ExtensibilityGlobals) = postSolution
		SolutionGuid = {25881C2E-7623-4A44-BE7D-992B9FEF9599}
	EndGlobalSection
EndGlobal
